// !$*UTF8*$!
{
	archiveVersion = 1;
	classes = {
	};
	objectVersion = 48;
	objects = {

/* Begin PBXBuildFile section */
		B7BBD3F21F79273300CE3176 /* AppDelegate.swift in Sources */ = {isa = PBXBuildFile; fileRef = B7BBD3F11F79273300CE3176 /* AppDelegate.swift */; };
		B7BBD3F41F79273300CE3176 /* ViewController.swift in Sources */ = {isa = PBXBuildFile; fileRef = B7BBD3F31F79273300CE3176 /* ViewController.swift */; };
		B7BBD3F71F79273300CE3176 /* Main.storyboard in Resources */ = {isa = PBXBuildFile; fileRef = B7BBD3F51F79273300CE3176 /* Main.storyboard */; };
		B7BBD3F91F79273300CE3176 /* Assets.xcassets in Resources */ = {isa = PBXBuildFile; fileRef = B7BBD3F81F79273300CE3176 /* Assets.xcassets */; };
		B7BBD3FC1F79273300CE3176 /* LaunchScreen.storyboard in Resources */ = {isa = PBXBuildFile; fileRef = B7BBD3FA1F79273300CE3176 /* LaunchScreen.storyboard */; };
		B7BBD4071F79278D00CE3176 /* GenericCollectionCell.swift in Sources */ = {isa = PBXBuildFile; fileRef = B7BBD4041F79278000CE3176 /* GenericCollectionCell.swift */; };
		B7BBD4081F79279000CE3176 /* GenericTableCell.swift in Sources */ = {isa = PBXBuildFile; fileRef = B7BBD4051F79278000CE3176 /* GenericTableCell.swift */; };
		B7BBD4091F79279000CE3176 /* ReusableView.swift in Sources */ = {isa = PBXBuildFile; fileRef = B7BBD4061F79278000CE3176 /* ReusableView.swift */; };
		B7BBD40B1F7927D200CE3176 /* CustomView.swift in Sources */ = {isa = PBXBuildFile; fileRef = B7BBD40A1F7927D200CE3176 /* CustomView.swift */; };
/* End PBXBuildFile section */

/* Begin PBXFileReference section */
		B7BBD3EE1F79273300CE3176 /* Example.app */ = {isa = PBXFileReference; explicitFileType = wrapper.application; includeInIndex = 0; path = Example.app; sourceTree = BUILT_PRODUCTS_DIR; };
		B7BBD3F11F79273300CE3176 /* AppDelegate.swift */ = {isa = PBXFileReference; lastKnownFileType = sourcecode.swift; path = AppDelegate.swift; sourceTree = "<group>"; };
		B7BBD3F31F79273300CE3176 /* ViewController.swift */ = {isa = PBXFileReference; lastKnownFileType = sourcecode.swift; path = ViewController.swift; sourceTree = "<group>"; };
		B7BBD3F61F79273300CE3176 /* Base */ = {isa = PBXFileReference; lastKnownFileType = file.storyboard; name = Base; path = Base.lproj/Main.storyboard; sourceTree = "<group>"; };
		B7BBD3F81F79273300CE3176 /* Assets.xcassets */ = {isa = PBXFileReference; lastKnownFileType = folder.assetcatalog; path = Assets.xcassets; sourceTree = "<group>"; };
		B7BBD3FB1F79273300CE3176 /* Base */ = {isa = PBXFileReference; lastKnownFileType = file.storyboard; name = Base; path = Base.lproj/LaunchScreen.storyboard; sourceTree = "<group>"; };
		B7BBD3FD1F79273300CE3176 /* Info.plist */ = {isa = PBXFileReference; lastKnownFileType = text.plist.xml; path = Info.plist; sourceTree = "<group>"; };
		B7BBD4041F79278000CE3176 /* GenericCollectionCell.swift */ = {isa = PBXFileReference; lastKnownFileType = sourcecode.swift; path = GenericCollectionCell.swift; sourceTree = "<group>"; };
		B7BBD4051F79278000CE3176 /* GenericTableCell.swift */ = {isa = PBXFileReference; lastKnownFileType = sourcecode.swift; path = GenericTableCell.swift; sourceTree = "<group>"; };
		B7BBD4061F79278000CE3176 /* ReusableView.swift */ = {isa = PBXFileReference; lastKnownFileType = sourcecode.swift; path = ReusableView.swift; sourceTree = "<group>"; };
		B7BBD40A1F7927D200CE3176 /* CustomView.swift */ = {isa = PBXFileReference; lastKnownFileType = sourcecode.swift; path = CustomView.swift; sourceTree = "<group>"; };
/* End PBXFileReference section */

/* Begin PBXFrameworksBuildPhase section */
		B7BBD3EB1F79273300CE3176 /* Frameworks */ = {
			isa = PBXFrameworksBuildPhase;
			buildActionMask = 2147483647;
			files = (
			);
			runOnlyForDeploymentPostprocessing = 0;
		};
/* End PBXFrameworksBuildPhase section */

/* Begin PBXGroup section */
		B7BBD3E51F79273300CE3176 = {
			isa = PBXGroup;
			children = (
				B7BBD3F01F79273300CE3176 /* Example */,
				B7BBD3EF1F79273300CE3176 /* Products */,
			);
			sourceTree = "<group>";
		};
		B7BBD3EF1F79273300CE3176 /* Products */ = {
			isa = PBXGroup;
			children = (
				B7BBD3EE1F79273300CE3176 /* Example.app */,
			);
			name = Products;
			sourceTree = "<group>";
		};
		B7BBD3F01F79273300CE3176 /* Example */ = {
			isa = PBXGroup;
			children = (
				B7BBD4031F79278000CE3176 /* Source */,
				B7BBD3F11F79273300CE3176 /* AppDelegate.swift */,
				B7BBD3F31F79273300CE3176 /* ViewController.swift */,
				B7BBD40A1F7927D200CE3176 /* CustomView.swift */,
				B7BBD3F51F79273300CE3176 /* Main.storyboard */,
				B7BBD3F81F79273300CE3176 /* Assets.xcassets */,
				B7BBD3FA1F79273300CE3176 /* LaunchScreen.storyboard */,
				B7BBD3FD1F79273300CE3176 /* Info.plist */,
			);
			path = Example;
			sourceTree = "<group>";
		};
		B7BBD4031F79278000CE3176 /* Source */ = {
			isa = PBXGroup;
			children = (
				B7BBD4041F79278000CE3176 /* GenericCollectionCell.swift */,
				B7BBD4051F79278000CE3176 /* GenericTableCell.swift */,
				B7BBD4061F79278000CE3176 /* ReusableView.swift */,
			);
			name = Source;
			path = ../../Source;
			sourceTree = "<group>";
		};
/* End PBXGroup section */

/* Begin PBXNativeTarget section */
		B7BBD3ED1F79273300CE3176 /* Example */ = {
			isa = PBXNativeTarget;
			buildConfigurationList = B7BBD4001F79273300CE3176 /* Build configuration list for PBXNativeTarget "Example" */;
			buildPhases = (
				B7BBD3EA1F79273300CE3176 /* Sources */,
				B7BBD3EB1F79273300CE3176 /* Frameworks */,
				B7BBD3EC1F79273300CE3176 /* Resources */,
			);
			buildRules = (
			);
			dependencies = (
			);
			name = Example;
			productName = Example;
			productReference = B7BBD3EE1F79273300CE3176 /* Example.app */;
			productType = "com.apple.product-type.application";
		};
/* End PBXNativeTarget section */

/* Begin PBXProject section */
		B7BBD3E61F79273300CE3176 /* Project object */ = {
			isa = PBXProject;
			attributes = {
				LastSwiftUpdateCheck = 0900;
				LastUpgradeCheck = 0900;
				ORGANIZATIONNAME = Mergesort;
				TargetAttributes = {
					B7BBD3ED1F79273300CE3176 = {
						CreatedOnToolsVersion = 9.0;
						ProvisioningStyle = Automatic;
					};
				};
			};
			buildConfigurationList = B7BBD3E91F79273300CE3176 /* Build configuration list for PBXProject "Example" */;
			compatibilityVersion = "Xcode 8.0";
			developmentRegion = en;
			hasScannedForEncodings = 0;
			knownRegions = (
				en,
				Base,
			);
			mainGroup = B7BBD3E51F79273300CE3176;
			productRefGroup = B7BBD3EF1F79273300CE3176 /* Products */;
			projectDirPath = "";
			projectRoot = "";
			targets = (
				B7BBD3ED1F79273300CE3176 /* Example */,
			);
		};
/* End PBXProject section */

/* Begin PBXResourcesBuildPhase section */
		B7BBD3EC1F79273300CE3176 /* Resources */ = {
			isa = PBXResourcesBuildPhase;
			buildActionMask = 2147483647;
			files = (
				B7BBD3FC1F79273300CE3176 /* LaunchScreen.storyboard in Resources */,
				B7BBD3F91F79273300CE3176 /* Assets.xcassets in Resources */,
				B7BBD3F71F79273300CE3176 /* Main.storyboard in Resources */,
			);
			runOnlyForDeploymentPostprocessing = 0;
		};
/* End PBXResourcesBuildPhase section */

/* Begin PBXSourcesBuildPhase section */
		B7BBD3EA1F79273300CE3176 /* Sources */ = {
			isa = PBXSourcesBuildPhase;
			buildActionMask = 2147483647;
			files = (
				B7BBD3F41F79273300CE3176 /* ViewController.swift in Sources */,
				B7BBD4091F79279000CE3176 /* ReusableView.swift in Sources */,
				B7BBD3F21F79273300CE3176 /* AppDelegate.swift in Sources */,
				B7BBD40B1F7927D200CE3176 /* CustomView.swift in Sources */,
				B7BBD4081F79279000CE3176 /* GenericTableCell.swift in Sources */,
				B7BBD4071F79278D00CE3176 /* GenericCollectionCell.swift in Sources */,
			);
			runOnlyForDeploymentPostprocessing = 0;
		};
/* End PBXSourcesBuildPhase section */

/* Begin PBXVariantGroup section */
		B7BBD3F51F79273300CE3176 /* Main.storyboard */ = {
			isa = PBXVariantGroup;
			children = (
				B7BBD3F61F79273300CE3176 /* Base */,
			);
			name = Main.storyboard;
			sourceTree = "<group>";
		};
		B7BBD3FA1F79273300CE3176 /* LaunchScreen.storyboard */ = {
			isa = PBXVariantGroup;
			children = (
				B7BBD3FB1F79273300CE3176 /* Base */,
			);
			name = LaunchScreen.storyboard;
			sourceTree = "<group>";
		};
/* End PBXVariantGroup section */

/* Begin XCBuildConfiguration section */
		B7BBD3FE1F79273300CE3176 /* Debug */ = {
			isa = XCBuildConfiguration;
			buildSettings = {
				ALWAYS_SEARCH_USER_PATHS = NO;
				CLANG_ANALYZER_NONNULL = YES;
				CLANG_ANALYZER_NUMBER_OBJECT_CONVERSION = YES_AGGRESSIVE;
				CLANG_CXX_LANGUAGE_STANDARD = "gnu++14";
				CLANG_CXX_LIBRARY = "libc++";
				CLANG_ENABLE_MODULES = YES;
				CLANG_ENABLE_OBJC_ARC = YES;
				CLANG_WARN_BLOCK_CAPTURE_AUTORELEASING = YES;
				CLANG_WARN_BOOL_CONVERSION = YES;
				CLANG_WARN_COMMA = YES;
				CLANG_WARN_CONSTANT_CONVERSION = YES;
				CLANG_WARN_DIRECT_OBJC_ISA_USAGE = YES_ERROR;
				CLANG_WARN_DOCUMENTATION_COMMENTS = YES;
				CLANG_WARN_EMPTY_BODY = YES;
				CLANG_WARN_ENUM_CONVERSION = YES;
				CLANG_WARN_INFINITE_RECURSION = YES;
				CLANG_WARN_INT_CONVERSION = YES;
				CLANG_WARN_NON_LITERAL_NULL_CONVERSION = YES;
				CLANG_WARN_OBJC_LITERAL_CONVERSION = YES;
				CLANG_WARN_OBJC_ROOT_CLASS = YES_ERROR;
				CLANG_WARN_RANGE_LOOP_ANALYSIS = YES;
				CLANG_WARN_STRICT_PROTOTYPES = YES;
				CLANG_WARN_SUSPICIOUS_MOVE = YES;
				CLANG_WARN_UNGUARDED_AVAILABILITY = YES_AGGRESSIVE;
				CLANG_WARN_UNREACHABLE_CODE = YES;
				CLANG_WARN__DUPLICATE_METHOD_MATCH = YES;
				CODE_SIGN_IDENTITY = "iPhone Developer";
				COPY_PHASE_STRIP = NO;
				DEBUG_INFORMATION_FORMAT = dwarf;
				ENABLE_STRICT_OBJC_MSGSEND = YES;
				ENABLE_TESTABILITY = YES;
				GCC_C_LANGUAGE_STANDARD = gnu11;
				GCC_DYNAMIC_NO_PIC = NO;
				GCC_NO_COMMON_BLOCKS = YES;
				GCC_OPTIMIZATION_LEVEL = 0;
				GCC_PREPROCESSOR_DEFINITIONS = (
					"DEBUG=1",
					"$(inherited)",
				);
				GCC_WARN_64_TO_32_BIT_CONVERSION = YES;
				GCC_WARN_ABOUT_RETURN_TYPE = YES_ERROR;
				GCC_WARN_UNDECLARED_SELECTOR = YES;
				GCC_WARN_UNINITIALIZED_AUTOS = YES_AGGRESSIVE;
				GCC_WARN_UNUSED_FUNCTION = YES;
				GCC_WARN_UNUSED_VARIABLE = YES;
				IPHONEOS_DEPLOYMENT_TARGET = 11.0;
				MTL_ENABLE_DEBUG_INFO = YES;
				ONLY_ACTIVE_ARCH = YES;
				SDKROOT = iphoneos;
				SWIFT_ACTIVE_COMPILATION_CONDITIONS = DEBUG;
				SWIFT_OPTIMIZATION_LEVEL = "-Onone";
			};
			name = Debug;
		};
		B7BBD3FF1F79273300CE3176 /* Release */ = {
			isa = XCBuildConfiguration;
			buildSettings = {
				ALWAYS_SEARCH_USER_PATHS = NO;
				CLANG_ANALYZER_NONNULL = YES;
				CLANG_ANALYZER_NUMBER_OBJECT_CONVERSION = YES_AGGRESSIVE;
				CLANG_CXX_LANGUAGE_STANDARD = "gnu++14";
				CLANG_CXX_LIBRARY = "libc++";
				CLANG_ENABLE_MODULES = YES;
				CLANG_ENABLE_OBJC_ARC = YES;
				CLANG_WARN_BLOCK_CAPTURE_AUTORELEASING = YES;
				CLANG_WARN_BOOL_CONVERSION = YES;
				CLANG_WARN_COMMA = YES;
				CLANG_WARN_CONSTANT_CONVERSION = YES;
				CLANG_WARN_DIRECT_OBJC_ISA_USAGE = YES_ERROR;
				CLANG_WARN_DOCUMENTATION_COMMENTS = YES;
				CLANG_WARN_EMPTY_BODY = YES;
				CLANG_WARN_ENUM_CONVERSION = YES;
				CLANG_WARN_INFINITE_RECURSION = YES;
				CLANG_WARN_INT_CONVERSION = YES;
				CLANG_WARN_NON_LITERAL_NULL_CONVERSION = YES;
				CLANG_WARN_OBJC_LITERAL_CONVERSION = YES;
				CLANG_WARN_OBJC_ROOT_CLASS = YES_ERROR;
				CLANG_WARN_RANGE_LOOP_ANALYSIS = YES;
				CLANG_WARN_STRICT_PROTOTYPES = YES;
				CLANG_WARN_SUSPICIOUS_MOVE = YES;
				CLANG_WARN_UNGUARDED_AVAILABILITY = YES_AGGRESSIVE;
				CLANG_WARN_UNREACHABLE_CODE = YES;
				CLANG_WARN__DUPLICATE_METHOD_MATCH = YES;
				CODE_SIGN_IDENTITY = "iPhone Developer";
				COPY_PHASE_STRIP = NO;
				DEBUG_INFORMATION_FORMAT = "dwarf-with-dsym";
				ENABLE_NS_ASSERTIONS = NO;
				ENABLE_STRICT_OBJC_MSGSEND = YES;
				GCC_C_LANGUAGE_STANDARD = gnu11;
				GCC_NO_COMMON_BLOCKS = YES;
				GCC_WARN_64_TO_32_BIT_CONVERSION = YES;
				GCC_WARN_ABOUT_RETURN_TYPE = YES_ERROR;
				GCC_WARN_UNDECLARED_SELECTOR = YES;
				GCC_WARN_UNINITIALIZED_AUTOS = YES_AGGRESSIVE;
				GCC_WARN_UNUSED_FUNCTION = YES;
				GCC_WARN_UNUSED_VARIABLE = YES;
				IPHONEOS_DEPLOYMENT_TARGET = 11.0;
				MTL_ENABLE_DEBUG_INFO = NO;
				SDKROOT = iphoneos;
				SWIFT_OPTIMIZATION_LEVEL = "-Owholemodule";
				VALIDATE_PRODUCT = YES;
			};
			name = Release;
		};
		B7BBD4011F79273300CE3176 /* Debug */ = {
			isa = XCBuildConfiguration;
			buildSettings = {
				ASSETCATALOG_COMPILER_APPICON_NAME = AppIcon;
				CODE_SIGN_STYLE = Automatic;
				INFOPLIST_FILE = Example/Info.plist;
				IPHONEOS_DEPLOYMENT_TARGET = 9.0;
				LD_RUNPATH_SEARCH_PATHS = "$(inherited) @executable_path/Frameworks";
				PRODUCT_BUNDLE_IDENTIFIER = com.example.Example;
				PRODUCT_NAME = "$(TARGET_NAME)";
				SWIFT_VERSION = 4.0;
				TARGETED_DEVICE_FAMILY = "1,2";
			};
			name = Debug;
		};
		B7BBD4021F79273300CE3176 /* Release */ = {
			isa = XCBuildConfiguration;
			buildSettings = {
				ASSETCATALOG_COMPILER_APPICON_NAME = AppIcon;
				CODE_SIGN_STYLE = Automatic;
				INFOPLIST_FILE = Example/Info.plist;
				IPHONEOS_DEPLOYMENT_TARGET = 9.0;
				LD_RUNPATH_SEARCH_PATHS = "$(inherited) @executable_path/Frameworks";
				PRODUCT_BUNDLE_IDENTIFIER = com.example.Example;
				PRODUCT_NAME = "$(TARGET_NAME)";
				SWIFT_VERSION = 4.0;
				TARGETED_DEVICE_FAMILY = "1,2";
			};
			name = Release;
		};
/* End XCBuildConfiguration section */

/* Begin XCConfigurationList section */
		B7BBD3E91F79273300CE3176 /* Build configuration list for PBXProject "Example" */ = {
			isa = XCConfigurationList;
			buildConfigurations = (
				B7BBD3FE1F79273300CE3176 /* Debug */,
				B7BBD3FF1F79273300CE3176 /* Release */,
			);
			defaultConfigurationIsVisible = 0;
			defaultConfigurationName = Release;
		};
		B7BBD4001F79273300CE3176 /* Build configuration list for PBXNativeTarget "Example" */ = {
			isa = XCConfigurationList;
			buildConfigurations = (
				B7BBD4011F79273300CE3176 /* Debug */,
				B7BBD4021F79273300CE3176 /* Release */,
			);
			defaultConfigurationIsVisible = 0;
			defaultConfigurationName = Release;
		};
/* End XCConfigurationList section */
	};
	rootObject = B7BBD3E61F79273300CE3176 /* Project object */;
}
